
Microsoft Visual Studio Solution File, Format Version 12.00
# Visual Studio 15
VisualStudioVersion = 15.0.28307.168
MinimumVisualStudioVersion = 10.0.40219.1
Project("{9A19103F-16F7-4668-BE54-9A1E7A4F7556}") = "TestClient.WebApi", "TestClient.WebApi\TestClient.WebApi.csproj", "{CAC4F525-43E3-4CE0-9E18-F563BBDFB1D4}"
EndProject
Project("{2150E333-8FDC-42A3-9474-1A3956D46DE8}") = "src", "src", "{0925C19A-3E5E-46C5-856D-2BB83B737F48}"
EndProject
Project("{2150E333-8FDC-42A3-9474-1A3956D46DE8}") = "Domain", "Domain", "{E79C5D12-421C-4558-8C7F-3854378CACD7}"
EndProject
Project("{9A19103F-16F7-4668-BE54-9A1E7A4F7556}") = "TestClient.Domain", "TestClient.Domain\TestClient.Domain.csproj", "{F2495B02-DC2A-4A2B-AC84-30CFE04D3E0D}"
EndProject
Project("{2150E333-8FDC-42A3-9474-1A3956D46DE8}") = "Infrastructure", "Infrastructure", "{595E76B7-6223-439C-BB72-89755606216C}"
EndProject
Project("{2150E333-8FDC-42A3-9474-1A3956D46DE8}") = "Application", "Application", "{4033223A-C499-438D-83BE-B49962C5E6DD}"
EndProject
Project("{9A19103F-16F7-4668-BE54-9A1E7A4F7556}") = "TestClient.Application", "TestClient.Application\TestClient.Application.csproj", "{AEA70C4D-2289-4B65-A8E1-526F8BB0178E}"
EndProject
Project("{9A19103F-16F7-4668-BE54-9A1E7A4F7556}") = "TestClient.IoC", "TestClient.IoC\TestClient.IoC.csproj", "{84FF05A5-7175-45F4-A2F0-20FDF355F4E0}"
EndProject
Project("{9A19103F-16F7-4668-BE54-9A1E7A4F7556}") = "TestClinet.Data", "TestClient.Data\TestClinet.Data.csproj", "{301FC4D4-E4E4-4AE5-A6FE-6E2E2A610695}"
EndProject
Project("{2150E333-8FDC-42A3-9474-1A3956D46DE8}") = "CrossCutting", "CrossCutting", "{EE761077-AA7A-4207-8ADC-1A8E39552167}"
EndProject
Project("{9A19103F-16F7-4668-BE54-9A1E7A4F7556}") = "TestClient.CrossCutting", "TestClient.CrossCutting\TestClient.CrossCutting.csproj", "{3C62C5CD-EEE2-4A1A-BD04-62139CB25D4A}"
EndProject
Project("{2150E333-8FDC-42A3-9474-1A3956D46DE8}") = "Solution Items", "Solution Items", "{56620433-A405-4822-B25E-CBF4DBD663CA}"
	ProjectSection(SolutionItems) = preProject
		.editorconfig = .editorconfig
	EndProjectSection
EndProject
Global
	GlobalSection(SolutionConfigurationPlatforms) = preSolution
		Debug|Any CPU = Debug|Any CPU
		Release|Any CPU = Release|Any CPU
	EndGlobalSection
	GlobalSection(ProjectConfigurationPlatforms) = postSolution
		{CAC4F525-43E3-4CE0-9E18-F563BBDFB1D4}.Debug|Any CPU.ActiveCfg = Debug|Any CPU
		{CAC4F525-43E3-4CE0-9E18-F563BBDFB1D4}.Debug|Any CPU.Build.0 = Debug|Any CPU
		{CAC4F525-43E3-4CE0-9E18-F563BBDFB1D4}.Release|Any CPU.ActiveCfg = Release|Any CPU
		{CAC4F525-43E3-4CE0-9E18-F563BBDFB1D4}.Release|Any CPU.Build.0 = Release|Any CPU
		{F2495B02-DC2A-4A2B-AC84-30CFE04D3E0D}.Debug|Any CPU.ActiveCfg = Debug|Any CPU
		{F2495B02-DC2A-4A2B-AC84-30CFE04D3E0D}.Debug|Any CPU.Build.0 = Debug|Any CPU
		{F2495B02-DC2A-4A2B-AC84-30CFE04D3E0D}.Release|Any CPU.ActiveCfg = Release|Any CPU
		{F2495B02-DC2A-4A2B-AC84-30CFE04D3E0D}.Release|Any CPU.Build.0 = Release|Any CPU
		{AEA70C4D-2289-4B65-A8E1-526F8BB0178E}.Debug|Any CPU.ActiveCfg = Debug|Any CPU
		{AEA70C4D-2289-4B65-A8E1-526F8BB0178E}.Debug|Any CPU.Build.0 = Debug|Any CPU
		{AEA70C4D-2289-4B65-A8E1-526F8BB0178E}.Release|Any CPU.ActiveCfg = Release|Any CPU
		{AEA70C4D-2289-4B65-A8E1-526F8BB0178E}.Release|Any CPU.Build.0 = Release|Any CPU
		{84FF05A5-7175-45F4-A2F0-20FDF355F4E0}.Debug|Any CPU.ActiveCfg = Debug|Any CPU
		{84FF05A5-7175-45F4-A2F0-20FDF355F4E0}.Debug|Any CPU.Build.0 = Debug|Any CPU
		{84FF05A5-7175-45F4-A2F0-20FDF355F4E0}.Release|Any CPU.ActiveCfg = Release|Any CPU
		{84FF05A5-7175-45F4-A2F0-20FDF355F4E0}.Release|Any CPU.Build.0 = Release|Any CPU
		{301FC4D4-E4E4-4AE5-A6FE-6E2E2A610695}.Debug|Any CPU.ActiveCfg = Debug|Any CPU
		{301FC4D4-E4E4-4AE5-A6FE-6E2E2A610695}.Debug|Any CPU.Build.0 = Debug|Any CPU
		{301FC4D4-E4E4-4AE5-A6FE-6E2E2A610695}.Release|Any CPU.ActiveCfg = Release|Any CPU
		{301FC4D4-E4E4-4AE5-A6FE-6E2E2A610695}.Release|Any CPU.Build.0 = Release|Any CPU
		{3C62C5CD-EEE2-4A1A-BD04-62139CB25D4A}.Debug|Any CPU.ActiveCfg = Debug|Any CPU
		{3C62C5CD-EEE2-4A1A-BD04-62139CB25D4A}.Debug|Any CPU.Build.0 = Debug|Any CPU
		{3C62C5CD-EEE2-4A1A-BD04-62139CB25D4A}.Release|Any CPU.ActiveCfg = Release|Any CPU
		{3C62C5CD-EEE2-4A1A-BD04-62139CB25D4A}.Release|Any CPU.Build.0 = Release|Any CPU
	EndGlobalSection
	GlobalSection(SolutionProperties) = preSolution
		HideSolutionNode = FALSE
	EndGlobalSection
	GlobalSection(NestedProjects) = preSolution
		{E79C5D12-421C-4558-8C7F-3854378CACD7} = {0925C19A-3E5E-46C5-856D-2BB83B737F48}
		{F2495B02-DC2A-4A2B-AC84-30CFE04D3E0D} = {E79C5D12-421C-4558-8C7F-3854378CACD7}
		{595E76B7-6223-439C-BB72-89755606216C} = {0925C19A-3E5E-46C5-856D-2BB83B737F48}
		{4033223A-C499-438D-83BE-B49962C5E6DD} = {0925C19A-3E5E-46C5-856D-2BB83B737F48}
		{AEA70C4D-2289-4B65-A8E1-526F8BB0178E} = {4033223A-C499-438D-83BE-B49962C5E6DD}
		{84FF05A5-7175-45F4-A2F0-20FDF355F4E0} = {595E76B7-6223-439C-BB72-89755606216C}
		{301FC4D4-E4E4-4AE5-A6FE-6E2E2A610695} = {595E76B7-6223-439C-BB72-89755606216C}
		{EE761077-AA7A-4207-8ADC-1A8E39552167} = {0925C19A-3E5E-46C5-856D-2BB83B737F48}
		{3C62C5CD-EEE2-4A1A-BD04-62139CB25D4A} = {EE761077-AA7A-4207-8ADC-1A8E39552167}
	EndGlobalSection
	GlobalSection(ExtensibilityGlobals) = postSolution
		SolutionGuid = {E3C8A19F-8801-4254-96F9-D9428A8D1AB3}
	EndGlobalSection
EndGlobal
